
Microsoft Visual Studio Solution File, Format Version 12.00
# Visual Studio 15
VisualStudioVersion = 15.0.27703.2035
MinimumVisualStudioVersion = 10.0.40219.1
Project("{FAE04EC0-301F-11D3-BF4B-00C04F79EFBC}") = "Lab4", "Lab4\Lab4.csproj", "{CC40A83B-B23F-4986-BCA6-4E64030E0235}"
EndProject
Global
	GlobalSection(SolutionConfigurationPlatforms) = preSolution
		Debug|Any CPU = Debug|Any CPU
		Release|Any CPU = Release|Any CPU
	EndGlobalSection
	GlobalSection(ProjectConfigurationPlatforms) = postSolution
		{CC40A83B-B23F-4986-BCA6-4E64030E0235}.Debug|Any CPU.ActiveCfg = Debug|Any CPU
		{CC40A83B-B23F-4986-BCA6-4E64030E0235}.Debug|Any CPU.Build.0 = Debug|Any CPU
		{CC40A83B-B23F-4986-BCA6-4E64030E0235}.Release|Any CPU.ActiveCfg = Release|Any CPU
		{CC40A83B-B23F-4986-BCA6-4E64030E0235}.Release|Any CPU.Build.0 = Release|Any CPU
	EndGlobalSection
	GlobalSection(SolutionProperties) = preSolution
		HideSolutionNode = FALSE
	EndGlobalSection
	GlobalSection(ExtensibilityGlobals) = postSolution
		SolutionGuid = {1AF45615-FE2B-432F-8CA3-4434E10B5530}
	EndGlobalSection
EndGlobal
